
Microsoft Visual Studio Solution File, Format Version 12.00
# Visual Studio Version 17
VisualStudioVersion = 17.14.36301.6 d17.14
MinimumVisualStudioVersion = 10.0.40219.1
Project("{FAE04EC0-301F-11D3-BF4B-00C04F79EFBC}") = "MultiUI", "MultiUI.csproj", "{6EA20F2C-0648-46BF-BEE8-3796C575B217}"
EndProject
Global
	GlobalSection(SolutionConfigurationPlatforms) = preSolution
		Debug|Any CPU = Debug|Any CPU
		Release|Any CPU = Release|Any CPU
	EndGlobalSection
	GlobalSection(ProjectConfigurationPlatforms) = postSolution
		{6EA20F2C-0648-46BF-BEE8-3796C575B217}.Debug|Any CPU.ActiveCfg = Debug|Any CPU
		{6EA20F2C-0648-46BF-BEE8-3796C575B217}.Debug|Any CPU.Build.0 = Debug|Any CPU
		{6EA20F2C-0648-46BF-BEE8-3796C575B217}.Release|Any CPU.ActiveCfg = Release|Any CPU
		{6EA20F2C-0648-46BF-BEE8-3796C575B217}.Release|Any CPU.Build.0 = Release|Any CPU
	EndGlobalSection
	GlobalSection(SolutionProperties) = preSolution
		HideSolutionNode = FALSE
	EndGlobalSection
	GlobalSection(ExtensibilityGlobals) = postSolution
		SolutionGuid = {155D4D61-568C-47AD-AE30-AC93832EBBA4}
	EndGlobalSection
EndGlobal
